
Microsoft Visual Studio Solution File, Format Version 12.00
# Visual Studio Version 17
VisualStudioVersion = 17.14.36603.0 d17.14
MinimumVisualStudioVersion = 10.0.40219.1
Project("{FAE04EC0-301F-11D3-BF4B-00C04F79EFBC}") = "PasswordStrengthAnalyzer", "PasswordStrengthAnalyzer.csproj", "{CEEBB6AA-D7C9-4F03-B5E8-A3B483110DDF}"
EndProject
Global
	GlobalSection(SolutionConfigurationPlatforms) = preSolution
		Debug|Any CPU = Debug|Any CPU
		Release|Any CPU = Release|Any CPU
	EndGlobalSection
	GlobalSection(ProjectConfigurationPlatforms) = postSolution
		{CEEBB6AA-D7C9-4F03-B5E8-A3B483110DDF}.Debug|Any CPU.ActiveCfg = Debug|Any CPU
		{CEEBB6AA-D7C9-4F03-B5E8-A3B483110DDF}.Debug|Any CPU.Build.0 = Debug|Any CPU
		{CEEBB6AA-D7C9-4F03-B5E8-A3B483110DDF}.Release|Any CPU.ActiveCfg = Release|Any CPU
		{CEEBB6AA-D7C9-4F03-B5E8-A3B483110DDF}.Release|Any CPU.Build.0 = Release|Any CPU
	EndGlobalSection
	GlobalSection(SolutionProperties) = preSolution
		HideSolutionNode = FALSE
	EndGlobalSection
	GlobalSection(ExtensibilityGlobals) = postSolution
		SolutionGuid = {07D402F6-FA1D-45C3-A2C7-6346A834B888}
	EndGlobalSection
EndGlobal
